// !$*UTF8*$!
{
	archiveVersion = 1;
	classes = {
	};
	objectVersion = 46;
	objects = {

/* Begin PBXBuildFile section */
		96B52B351B6F475400661C1E /* AppDelegate.swift in Sources */ = {isa = PBXBuildFile; fileRef = 96B52B341B6F475400661C1E /* AppDelegate.swift */; };
		96B52B371B6F475400661C1E /* ViewController.swift in Sources */ = {isa = PBXBuildFile; fileRef = 96B52B361B6F475400661C1E /* ViewController.swift */; };
		96B52B3A1B6F475400661C1E /* Main.storyboard in Resources */ = {isa = PBXBuildFile; fileRef = 96B52B381B6F475400661C1E /* Main.storyboard */; };
		96B52B3C1B6F475400661C1E /* Images.xcassets in Resources */ = {isa = PBXBuildFile; fileRef = 96B52B3B1B6F475400661C1E /* Images.xcassets */; };
		96B52B3F1B6F475400661C1E /* LaunchScreen.xib in Resources */ = {isa = PBXBuildFile; fileRef = 96B52B3D1B6F475400661C1E /* LaunchScreen.xib */; };
		96B52B4B1B6F475400661C1E /* Mr_K_DemoTests.swift in Sources */ = {isa = PBXBuildFile; fileRef = 96B52B4A1B6F475400661C1E /* Mr_K_DemoTests.swift */; };
/* End PBXBuildFile section */

/* Begin PBXContainerItemProxy section */
		96B52B451B6F475400661C1E /* PBXContainerItemProxy */ = {
			isa = PBXContainerItemProxy;
			containerPortal = 96B52B271B6F475400661C1E /* Project object */;
			proxyType = 1;
			remoteGlobalIDString = 96B52B2E1B6F475400661C1E;
			remoteInfo = Mr_K_Demo;
		};
/* End PBXContainerItemProxy section */

/* Begin PBXFileReference section */
		96B52B2F1B6F475400661C1E /* Mr_K_Demo.app */ = {isa = PBXFileReference; explicitFileType = wrapper.application; includeInIndex = 0; path = Mr_K_Demo.app; sourceTree = BUILT_PRODUCTS_DIR; };
		96B52B331B6F475400661C1E /* Info.plist */ = {isa = PBXFileReference; lastKnownFileType = text.plist.xml; path = Info.plist; sourceTree = "<group>"; };
		96B52B341B6F475400661C1E /* AppDelegate.swift */ = {isa = PBXFileReference; lastKnownFileType = sourcecode.swift; path = AppDelegate.swift; sourceTree = "<group>"; };
		96B52B361B6F475400661C1E /* ViewController.swift */ = {isa = PBXFileReference; lastKnownFileType = sourcecode.swift; path = ViewController.swift; sourceTree = "<group>"; };
		96B52B391B6F475400661C1E /* Base */ = {isa = PBXFileReference; lastKnownFileType = file.storyboard; name = Base; path = Base.lproj/Main.storyboard; sourceTree = "<group>"; };
		96B52B3B1B6F475400661C1E /* Images.xcassets */ = {isa = PBXFileReference; lastKnownFileType = folder.assetcatalog; path = Images.xcassets; sourceTree = "<group>"; };
		96B52B3E1B6F475400661C1E /* Base */ = {isa = PBXFileReference; lastKnownFileType = file.xib; name = Base; path = Base.lproj/LaunchScreen.xib; sourceTree = "<group>"; };
		96B52B441B6F475400661C1E /* Mr_K_DemoTests.xctest */ = {isa = PBXFileReference; explicitFileType = wrapper.cfbundle; includeInIndex = 0; path = Mr_K_DemoTests.xctest; sourceTree = BUILT_PRODUCTS_DIR; };
		96B52B491B6F475400661C1E /* Info.plist */ = {isa = PBXFileReference; lastKnownFileType = text.plist.xml; path = Info.plist; sourceTree = "<group>"; };
		96B52B4A1B6F475400661C1E /* Mr_K_DemoTests.swift */ = {isa = PBXFileReference; lastKnownFileType = sourcecode.swift; path = Mr_K_DemoTests.swift; sourceTree = "<group>"; };
/* End PBXFileReference section */

/* Begin PBXFrameworksBuildPhase section */
		96B52B2C1B6F475400661C1E /* Frameworks */ = {
			isa = PBXFrameworksBuildPhase;
			buildActionMask = 2147483647;
			files = (
			);
			runOnlyForDeploymentPostprocessing = 0;
		};
		96B52B411B6F475400661C1E /* Frameworks */ = {
			isa = PBXFrameworksBuildPhase;
			buildActionMask = 2147483647;
			files = (
			);
			runOnlyForDeploymentPostprocessing = 0;
		};
/* End PBXFrameworksBuildPhase section */

/* Begin PBXGroup section */
		96B52B261B6F475400661C1E = {
			isa = PBXGroup;
			children = (
				96B52B311B6F475400661C1E /* Mr_K_Demo */,
				96B52B471B6F475400661C1E /* Mr_K_DemoTests */,
				96B52B301B6F475400661C1E /* Products */,
			);
			sourceTree = "<group>";
		};
		96B52B301B6F475400661C1E /* Products */ = {
			isa = PBXGroup;
			children = (
				96B52B2F1B6F475400661C1E /* Mr_K_Demo.app */,
				96B52B441B6F475400661C1E /* Mr_K_DemoTests.xctest */,
			);
			name = Products;
			sourceTree = "<group>";
		};
		96B52B311B6F475400661C1E /* Mr_K_Demo */ = {
			isa = PBXGroup;
			children = (
				96B52B341B6F475400661C1E /* AppDelegate.swift */,
				96B52B361B6F475400661C1E /* ViewController.swift */,
				96B52B381B6F475400661C1E /* Main.storyboard */,
				96B52B3B1B6F475400661C1E /* Images.xcassets */,
				96B52B3D1B6F475400661C1E /* LaunchScreen.xib */,
				96B52B321B6F475400661C1E /* Supporting Files */,
			);
			path = Mr_K_Demo;
			sourceTree = "<group>";
		};
		96B52B321B6F475400661C1E /* Supporting Files */ = {
			isa = PBXGroup;
			children = (
				96B52B331B6F475400661C1E /* Info.plist */,
			);
			name = "Supporting Files";
			sourceTree = "<group>";
		};
		96B52B471B6F475400661C1E /* Mr_K_DemoTests */ = {
			isa = PBXGroup;
			children = (
				96B52B4A1B6F475400661C1E /* Mr_K_DemoTests.swift */,
				96B52B481B6F475400661C1E /* Supporting Files */,
			);
			path = Mr_K_DemoTests;
			sourceTree = "<group>";
		};
		96B52B481B6F475400661C1E /* Supporting Files */ = {
			isa = PBXGroup;
			children = (
				96B52B491B6F475400661C1E /* Info.plist */,
			);
			name = "Supporting Files";
			sourceTree = "<group>";
		};
/* End PBXGroup section */

/* Begin PBXNativeTarget section */
		96B52B2E1B6F475400661C1E /* Mr_K_Demo */ = {
			isa = PBXNativeTarget;
			buildConfigurationList = 96B52B4E1B6F475400661C1E /* Build configuration list for PBXNativeTarget "Mr_K_Demo" */;
			buildPhases = (
				96B52B2B1B6F475400661C1E /* Sources */,
				96B52B2C1B6F475400661C1E /* Frameworks */,
				96B52B2D1B6F475400661C1E /* Resources */,
			);
			buildRules = (
			);
			dependencies = (
			);
			name = Mr_K_Demo;
			productName = Mr_K_Demo;
			productReference = 96B52B2F1B6F475400661C1E /* Mr_K_Demo.app */;
			productType = "com.apple.product-type.application";
		};
		96B52B431B6F475400661C1E /* Mr_K_DemoTests */ = {
			isa = PBXNativeTarget;
			buildConfigurationList = 96B52B511B6F475400661C1E /* Build configuration list for PBXNativeTarget "Mr_K_DemoTests" */;
			buildPhases = (
				96B52B401B6F475400661C1E /* Sources */,
				96B52B411B6F475400661C1E /* Frameworks */,
				96B52B421B6F475400661C1E /* Resources */,
			);
			buildRules = (
			);
			dependencies = (
				96B52B461B6F475400661C1E /* PBXTargetDependency */,
			);
			name = Mr_K_DemoTests;
			productName = Mr_K_DemoTests;
			productReference = 96B52B441B6F475400661C1E /* Mr_K_DemoTests.xctest */;
			productType = "com.apple.product-type.bundle.unit-test";
		};
/* End PBXNativeTarget section */

/* Begin PBXProject section */
		96B52B271B6F475400661C1E /* Project object */ = {
			isa = PBXProject;
			attributes = {
				LastUpgradeCheck = 0630;
				ORGANIZATIONNAME = LeffPan;
				TargetAttributes = {
					96B52B2E1B6F475400661C1E = {
						CreatedOnToolsVersion = 6.3.2;
					};
					96B52B431B6F475400661C1E = {
						CreatedOnToolsVersion = 6.3.2;
						TestTargetID = 96B52B2E1B6F475400661C1E;
					};
				};
			};
			buildConfigurationList = 96B52B2A1B6F475400661C1E /* Build configuration list for PBXProject "Mr_K_Demo" */;
			compatibilityVersion = "Xcode 3.2";
			developmentRegion = English;
			hasScannedForEncodings = 0;
			knownRegions = (
				en,
				Base,
			);
			mainGroup = 96B52B261B6F475400661C1E;
			productRefGroup = 96B52B301B6F475400661C1E /* Products */;
			projectDirPath = "";
			projectRoot = "";
			targets = (
				96B52B2E1B6F475400661C1E /* Mr_K_Demo */,
				96B52B431B6F475400661C1E /* Mr_K_DemoTests */,
			);
		};
/* End PBXProject section */

/* Begin PBXResourcesBuildPhase section */
		96B52B2D1B6F475400661C1E /* Resources */ = {
			isa = PBXResourcesBuildPhase;
			buildActionMask = 2147483647;
			files = (
				96B52B3A1B6F475400661C1E /* Main.storyboard in Resources */,
				96B52B3F1B6F475400661C1E /* LaunchScreen.xib in Resources */,
				96B52B3C1B6F475400661C1E /* Images.xcassets in Resources */,
			);
			runOnlyForDeploymentPostprocessing = 0;
		};
		96B52B421B6F475400661C1E /* Resources */ = {
			isa = PBXResourcesBuildPhase;
			buildActionMask = 2147483647;
			files = (
			);
			runOnlyForDeploymentPostprocessing = 0;
		};
/* End PBXResourcesBuildPhase section */

/* Begin PBXSourcesBuildPhase section */
		96B52B2B1B6F475400661C1E /* Sources */ = {
			isa = PBXSourcesBuildPhase;
			buildActionMask = 2147483647;
			files = (
				96B52B371B6F475400661C1E /* ViewController.swift in Sources */,
				96B52B351B6F475400661C1E /* AppDelegate.swift in Sources */,
			);
			runOnlyForDeploymentPostprocessing = 0;
		};
		96B52B401B6F475400661C1E /* Sources */ = {
			isa = PBXSourcesBuildPhase;
			buildActionMask = 2147483647;
			files = (
				96B52B4B1B6F475400661C1E /* Mr_K_DemoTests.swift in Sources */,
			);
			runOnlyForDeploymentPostprocessing = 0;
		};
/* End PBXSourcesBuildPhase section */

/* Begin PBXTargetDependency section */
		96B52B461B6F475400661C1E /* PBXTargetDependency */ = {
			isa = PBXTargetDependency;
			target = 96B52B2E1B6F475400661C1E /* Mr_K_Demo */;
			targetProxy = 96B52B451B6F475400661C1E /* PBXContainerItemProxy */;
		};
/* End PBXTargetDependency section */

/* Begin PBXVariantGroup section */
		96B52B381B6F475400661C1E /* Main.storyboard */ = {
			isa = PBXVariantGroup;
			children = (
				96B52B391B6F475400661C1E /* Base */,
			);
			name = Main.storyboard;
			sourceTree = "<group>";
		};
		96B52B3D1B6F475400661C1E /* LaunchScreen.xib */ = {
			isa = PBXVariantGroup;
			children = (
				96B52B3E1B6F475400661C1E /* Base */,
			);
			name = LaunchScreen.xib;
			sourceTree = "<group>";
		};
/* End PBXVariantGroup section */

/* Begin XCBuildConfiguration section */
		96B52B4C1B6F475400661C1E /* Debug */ = {
			isa = XCBuildConfiguration;
			buildSettings = {
				ALWAYS_SEARCH_USER_PATHS = NO;
				CLANG_CXX_LANGUAGE_STANDARD = "gnu++0x";
				CLANG_CXX_LIBRARY = "libc++";
				CLANG_ENABLE_MODULES = YES;
				CLANG_ENABLE_OBJC_ARC = YES;
				CLANG_WARN_BOOL_CONVERSION = YES;
				CLANG_WARN_CONSTANT_CONVERSION = YES;
				CLANG_WARN_DIRECT_OBJC_ISA_USAGE = YES_ERROR;
				CLANG_WARN_EMPTY_BODY = YES;
				CLANG_WARN_ENUM_CONVERSION = YES;
				CLANG_WARN_INT_CONVERSION = YES;
				CLANG_WARN_OBJC_ROOT_CLASS = YES_ERROR;
				CLANG_WARN_UNREACHABLE_CODE = YES;
				CLANG_WARN__DUPLICATE_METHOD_MATCH = YES;
				"CODE_SIGN_IDENTITY[sdk=iphoneos*]" = "iPhone Developer";
				COPY_PHASE_STRIP = NO;
				DEBUG_INFORMATION_FORMAT = "dwarf-with-dsym";
				ENABLE_STRICT_OBJC_MSGSEND = YES;
				GCC_C_LANGUAGE_STANDARD = gnu99;
				GCC_DYNAMIC_NO_PIC = NO;
				GCC_NO_COMMON_BLOCKS = YES;
				GCC_OPTIMIZATION_LEVEL = 0;
				GCC_PREPROCESSOR_DEFINITIONS = (
					"DEBUG=1",
					"$(inherited)",
				);
				GCC_SYMBOLS_PRIVATE_EXTERN = NO;
				GCC_WARN_64_TO_32_BIT_CONVERSION = YES;
				GCC_WARN_ABOUT_RETURN_TYPE = YES_ERROR;
				GCC_WARN_UNDECLARED_SELECTOR = YES;
				GCC_WARN_UNINITIALIZED_AUTOS = YES_AGGRESSIVE;
				GCC_WARN_UNUSED_FUNCTION = YES;
				GCC_WARN_UNUSED_VARIABLE = YES;
				IPHONEOS_DEPLOYMENT_TARGET = 8.3;
				MTL_ENABLE_DEBUG_INFO = YES;
				ONLY_ACTIVE_ARCH = YES;
				SDKROOT = iphoneos;
				SWIFT_OPTIMIZATION_LEVEL = "-Onone";
			};
			name = Debug;
		};
		96B52B4D1B6F475400661C1E /* Release */ = {
			isa = XCBuildConfiguration;
			buildSettings = {
				ALWAYS_SEARCH_USER_PATHS = NO;
				CLANG_CXX_LANGUAGE_STANDARD = "gnu++0x";
				CLANG_CXX_LIBRARY = "libc++";
				CLANG_ENABLE_MODULES = YES;
				CLANG_ENABLE_OBJC_ARC = YES;
				CLANG_WARN_BOOL_CONVERSION = YES;
				CLANG_WARN_CONSTANT_CONVERSION = YES;
				CLANG_WARN_DIRECT_OBJC_ISA_USAGE = YES_ERROR;
				CLANG_WARN_EMPTY_BODY = YES;
				CLANG_WARN_ENUM_CONVERSION = YES;
				CLANG_WARN_INT_CONVERSION = YES;
				CLANG_WARN_OBJC_ROOT_CLASS = YES_ERROR;
				CLANG_WARN_UNREACHABLE_CODE = YES;
				CLANG_WARN__DUPLICATE_METHOD_MATCH = YES;
				"CODE_SIGN_IDENTITY[sdk=iphoneos*]" = "iPhone Developer";
				COPY_PHASE_STRIP = NO;
				DEBUG_INFORMATION_FORMAT = "dwarf-with-dsym";
				ENABLE_NS_ASSERTIONS = NO;
				ENABLE_STRICT_OBJC_MSGSEND = YES;
				GCC_C_LANGUAGE_STANDARD = gnu99;
				GCC_NO_COMMON_BLOCKS = YES;
				GCC_WARN_64_TO_32_BIT_CONVERSION = YES;
				GCC_WARN_ABOUT_RETURN_TYPE = YES_ERROR;
				GCC_WARN_UNDECLARED_SELECTOR = YES;
				GCC_WARN_UNINITIALIZED_AUTOS = YES_AGGRESSIVE;
				GCC_WARN_UNUSED_FUNCTION = YES;
				GCC_WARN_UNUSED_VARIABLE = YES;
				IPHONEOS_DEPLOYMENT_TARGET = 8.3;
				MTL_ENABLE_DEBUG_INFO = NO;
				SDKROOT = iphoneos;
				VALIDATE_PRODUCT = YES;
			};
			name = Release;
		};
		96B52B4F1B6F475400661C1E /* Debug */ = {
			isa = XCBuildConfiguration;
			buildSettings = {
				ASSETCATALOG_COMPILER_APPICON_NAME = AppIcon;
				INFOPLIST_FILE = Mr_K_Demo/Info.plist;
				LD_RUNPATH_SEARCH_PATHS = "$(inherited) @executable_path/Frameworks";
				PRODUCT_NAME = "$(TARGET_NAME)";
			};
			name = Debug;
		};
		96B52B501B6F475400661C1E /* Release */ = {
			isa = XCBuildConfiguration;
			buildSettings = {
				ASSETCATALOG_COMPILER_APPICON_NAME = AppIcon;
				INFOPLIST_FILE = Mr_K_Demo/Info.plist;
				LD_RUNPATH_SEARCH_PATHS = "$(inherited) @executable_path/Frameworks";
				PRODUCT_NAME = "$(TARGET_NAME)";
			};
			name = Release;
		};
		96B52B521B6F475400661C1E /* Debug */ = {
			isa = XCBuildConfiguration;
			buildSettings = {
				BUNDLE_LOADER = "$(TEST_HOST)";
				FRAMEWORK_SEARCH_PATHS = (
					"$(SDKROOT)/Developer/Library/Frameworks",
					"$(inherited)",
				);
				GCC_PREPROCESSOR_DEFINITIONS = (
					"DEBUG=1",
					"$(inherited)",
				);
				INFOPLIST_FILE = Mr_K_DemoTests/Info.plist;
				LD_RUNPATH_SEARCH_PATHS = "$(inherited) @executable_path/Frameworks @loader_path/Frameworks";
				PRODUCT_NAME = "$(TARGET_NAME)";
				TEST_HOST = "$(BUILT_PRODUCTS_DIR)/Mr_K_Demo.app/Mr_K_Demo";
			};
			name = Debug;
		};
		96B52B531B6F475400661C1E /* Release */ = {
			isa = XCBuildConfiguration;
			buildSettings = {
				BUNDLE_LOADER = "$(TEST_HOST)";
				FRAMEWORK_SEARCH_PATHS = (
					"$(SDKROOT)/Developer/Library/Frameworks",
					"$(inherited)",
				);
				INFOPLIST_FILE = Mr_K_DemoTests/Info.plist;
				LD_RUNPATH_SEARCH_PATHS = "$(inherited) @executable_path/Frameworks @loader_path/Frameworks";
				PRODUCT_NAME = "$(TARGET_NAME)";
				TEST_HOST = "$(BUILT_PRODUCTS_DIR)/Mr_K_Demo.app/Mr_K_Demo";
			};
			name = Release;
		};
/* End XCBuildConfiguration section */

/* Begin XCConfigurationList section */
		96B52B2A1B6F475400661C1E /* Build configuration list for PBXProject "Mr_K_Demo" */ = {
			isa = XCConfigurationList;
			buildConfigurations = (
				96B52B4C1B6F475400661C1E /* Debug */,
				96B52B4D1B6F475400661C1E /* Release */,
			);
			defaultConfigurationIsVisible = 0;
			defaultConfigurationName = Release;
		};
		96B52B4E1B6F475400661C1E /* Build configuration list for PBXNativeTarget "Mr_K_Demo" */ = {
			isa = XCConfigurationList;
			buildConfigurations = (
				96B52B4F1B6F475400661C1E /* Debug */,
				96B52B501B6F475400661C1E /* Release */,
			);
			defaultConfigurationIsVisible = 0;
		};
		96B52B511B6F475400661C1E /* Build configuration list for PBXNativeTarget "Mr_K_DemoTests" */ = {
			isa = XCConfigurationList;
			buildConfigurations = (
				96B52B521B6F475400661C1E /* Debug */,
				96B52B531B6F475400661C1E /* Release */,
			);
			defaultConfigurationIsVisible = 0;
		};
/* End XCConfigurationList section */
	};
	rootObject = 96B52B271B6F475400661C1E /* Project object */;
}
